
Microsoft Visual Studio Solution File, Format Version 12.00
# Visual Studio Version 16
VisualStudioVersion = 16.0.31624.102
MinimumVisualStudioVersion = 10.0.40219.1
Project("{FAE04EC0-301F-11D3-BF4B-00C04F79EFBC}") = "cart-api", "cart-api\cart-api.csproj", "{48B195F8-CA05-4109-BD78-3B4B587E2353}"
EndProject
Global
	GlobalSection(SolutionConfigurationPlatforms) = preSolution
		Debug|Any CPU = Debug|Any CPU
		Release|Any CPU = Release|Any CPU
	EndGlobalSection
	GlobalSection(ProjectConfigurationPlatforms) = postSolution
		{48B195F8-CA05-4109-BD78-3B4B587E2353}.Debug|Any CPU.ActiveCfg = Debug|Any CPU
		{48B195F8-CA05-4109-BD78-3B4B587E2353}.Debug|Any CPU.Build.0 = Debug|Any CPU
		{48B195F8-CA05-4109-BD78-3B4B587E2353}.Release|Any CPU.ActiveCfg = Release|Any CPU
		{48B195F8-CA05-4109-BD78-3B4B587E2353}.Release|Any CPU.Build.0 = Release|Any CPU
	EndGlobalSection
	GlobalSection(SolutionProperties) = preSolution
		HideSolutionNode = FALSE
	EndGlobalSection
	GlobalSection(ExtensibilityGlobals) = postSolution
		SolutionGuid = {BC1D0489-D336-49D8-B151-FC76D6FF3513}
	EndGlobalSection
EndGlobal
